// !$*UTF8*$!
{
	archiveVersion = 1;
	classes = {
	};
	objectVersion = 48;
	objects = {

/* Begin PBXBuildFile section */
		D66987972036149600F81BF3 /* Repository.swift in Sources */ = {isa = PBXBuildFile; fileRef = D66987962036149600F81BF3 /* Repository.swift */; };
		D669879D2036173C00F81BF3 /* UIViewController+Additions.swift in Sources */ = {isa = PBXBuildFile; fileRef = D669879C2036173C00F81BF3 /* UIViewController+Additions.swift */; };
		D669879F203617BF00F81BF3 /* RepositoryTests.swift in Sources */ = {isa = PBXBuildFile; fileRef = D669879E203617BF00F81BF3 /* RepositoryTests.swift */; };
		D66987A220362B9000F81BF3 /* WikiViewController.swift in Sources */ = {isa = PBXBuildFile; fileRef = D66987A020362B9000F81BF3 /* WikiViewController.swift */; };
		D66987A320362B9100F81BF3 /* WikiViewController.xib in Resources */ = {isa = PBXBuildFile; fileRef = D66987A120362B9000F81BF3 /* WikiViewController.xib */; };
		D68836F420448CE6000C9D4E /* SeasonTests.swift in Sources */ = {isa = PBXBuildFile; fileRef = D68836F320448CE6000C9D4E /* SeasonTests.swift */; };
		D68836F6204491D3000C9D4E /* Season.swift in Sources */ = {isa = PBXBuildFile; fileRef = D68836F5204491D3000C9D4E /* Season.swift */; };
		D68836F82044956E000C9D4E /* Episode.swift in Sources */ = {isa = PBXBuildFile; fileRef = D68836F72044956E000C9D4E /* Episode.swift */; };
		D698BB65203238FC00ECFEA3 /* targaryenSmall.jpg in Resources */ = {isa = PBXBuildFile; fileRef = D698BB62203238FC00ECFEA3 /* targaryenSmall.jpg */; };
		D698BB66203238FC00ECFEA3 /* codeIsComing.png in Resources */ = {isa = PBXBuildFile; fileRef = D698BB63203238FC00ECFEA3 /* codeIsComing.png */; };
		D698BB67203238FC00ECFEA3 /* lannister.jpg in Resources */ = {isa = PBXBuildFile; fileRef = D698BB64203238FC00ECFEA3 /* lannister.jpg */; };
		D698BB6B20323A8B00ECFEA3 /* HouseDetailViewController.swift in Sources */ = {isa = PBXBuildFile; fileRef = D698BB6920323A8B00ECFEA3 /* HouseDetailViewController.swift */; };
		D698BB6C20323A8B00ECFEA3 /* HouseDetailViewController.xib in Resources */ = {isa = PBXBuildFile; fileRef = D698BB6A20323A8B00ECFEA3 /* HouseDetailViewController.xib */; };
		D6BF962320306E1D00B3363A /* AppDelegate.swift in Sources */ = {isa = PBXBuildFile; fileRef = D6BF962220306E1D00B3363A /* AppDelegate.swift */; };
		D6BF962A20306E1D00B3363A /* Assets.xcassets in Resources */ = {isa = PBXBuildFile; fileRef = D6BF962920306E1D00B3363A /* Assets.xcassets */; };
		D6BF962D20306E1D00B3363A /* LaunchScreen.storyboard in Resources */ = {isa = PBXBuildFile; fileRef = D6BF962B20306E1D00B3363A /* LaunchScreen.storyboard */; };
		D6BF9643203078A500B3363A /* HouseTests.swift in Sources */ = {isa = PBXBuildFile; fileRef = D6BF9642203078A500B3363A /* HouseTests.swift */; };
		D6BF9645203079F100B3363A /* House.swift in Sources */ = {isa = PBXBuildFile; fileRef = D6BF9644203079F100B3363A /* House.swift */; };
		D6BF96482030827A00B3363A /* PersonTests.swift in Sources */ = {isa = PBXBuildFile; fileRef = D6BF96472030827A00B3363A /* PersonTests.swift */; };
		D6BF964A203082E500B3363A /* Person.swift in Sources */ = {isa = PBXBuildFile; fileRef = D6BF9649203082E500B3363A /* Person.swift */; };
		D6E34EB32039B6F9007B460E /* HouseListViewController.swift in Sources */ = {isa = PBXBuildFile; fileRef = D6E34EB12039B6F9007B460E /* HouseListViewController.swift */; };
		D6E34EB42039B6F9007B460E /* HouseListViewController.xib in Resources */ = {isa = PBXBuildFile; fileRef = D6E34EB22039B6F9007B460E /* HouseListViewController.xib */; };
		D6E34EB7203B68C2007B460E /* MemberListViewController.swift in Sources */ = {isa = PBXBuildFile; fileRef = D6E34EB5203B68C2007B460E /* MemberListViewController.swift */; };
		D6E34EB8203B68C2007B460E /* MemberListViewController.xib in Resources */ = {isa = PBXBuildFile; fileRef = D6E34EB6203B68C2007B460E /* MemberListViewController.xib */; };
/* End PBXBuildFile section */

/* Begin PBXContainerItemProxy section */
		D6BF963420306E1D00B3363A /* PBXContainerItemProxy */ = {
			isa = PBXContainerItemProxy;
			containerPortal = D6BF961720306E1D00B3363A /* Project object */;
			proxyType = 1;
			remoteGlobalIDString = D6BF961E20306E1D00B3363A;
			remoteInfo = Westeros;
		};
/* End PBXContainerItemProxy section */

/* Begin PBXFileReference section */
		D66987962036149600F81BF3 /* Repository.swift */ = {isa = PBXFileReference; fileEncoding = 4; lastKnownFileType = sourcecode.swift; path = Repository.swift; sourceTree = "<group>"; };
		D669879C2036173C00F81BF3 /* UIViewController+Additions.swift */ = {isa = PBXFileReference; fileEncoding = 4; lastKnownFileType = sourcecode.swift; name = "UIViewController+Additions.swift"; path = "Westeros/UIKitExtensions/UIViewController+Additions.swift"; sourceTree = SOURCE_ROOT; };
		D669879E203617BF00F81BF3 /* RepositoryTests.swift */ = {isa = PBXFileReference; fileEncoding = 4; lastKnownFileType = sourcecode.swift; path = RepositoryTests.swift; sourceTree = "<group>"; };
		D66987A020362B9000F81BF3 /* WikiViewController.swift */ = {isa = PBXFileReference; lastKnownFileType = sourcecode.swift; path = WikiViewController.swift; sourceTree = "<group>"; };
		D66987A120362B9000F81BF3 /* WikiViewController.xib */ = {isa = PBXFileReference; lastKnownFileType = file.xib; path = WikiViewController.xib; sourceTree = "<group>"; };
		D68836F320448CE6000C9D4E /* SeasonTests.swift */ = {isa = PBXFileReference; lastKnownFileType = sourcecode.swift; path = SeasonTests.swift; sourceTree = "<group>"; };
		D68836F5204491D3000C9D4E /* Season.swift */ = {isa = PBXFileReference; lastKnownFileType = sourcecode.swift; path = Season.swift; sourceTree = "<group>"; };
		D68836F72044956E000C9D4E /* Episode.swift */ = {isa = PBXFileReference; lastKnownFileType = sourcecode.swift; path = Episode.swift; sourceTree = "<group>"; };
		D698BB62203238FC00ECFEA3 /* targaryenSmall.jpg */ = {isa = PBXFileReference; lastKnownFileType = image.jpeg; path = targaryenSmall.jpg; sourceTree = "<group>"; };
		D698BB63203238FC00ECFEA3 /* codeIsComing.png */ = {isa = PBXFileReference; lastKnownFileType = image.png; path = codeIsComing.png; sourceTree = "<group>"; };
		D698BB64203238FC00ECFEA3 /* lannister.jpg */ = {isa = PBXFileReference; lastKnownFileType = image.jpeg; path = lannister.jpg; sourceTree = "<group>"; };
		D698BB6920323A8B00ECFEA3 /* HouseDetailViewController.swift */ = {isa = PBXFileReference; lastKnownFileType = sourcecode.swift; path = HouseDetailViewController.swift; sourceTree = "<group>"; };
		D698BB6A20323A8B00ECFEA3 /* HouseDetailViewController.xib */ = {isa = PBXFileReference; lastKnownFileType = file.xib; path = HouseDetailViewController.xib; sourceTree = "<group>"; };
		D6BF961F20306E1D00B3363A /* Westeros.app */ = {isa = PBXFileReference; explicitFileType = wrapper.application; includeInIndex = 0; path = Westeros.app; sourceTree = BUILT_PRODUCTS_DIR; };
		D6BF962220306E1D00B3363A /* AppDelegate.swift */ = {isa = PBXFileReference; lastKnownFileType = sourcecode.swift; path = AppDelegate.swift; sourceTree = "<group>"; };
		D6BF962920306E1D00B3363A /* Assets.xcassets */ = {isa = PBXFileReference; lastKnownFileType = folder.assetcatalog; path = Assets.xcassets; sourceTree = "<group>"; };
		D6BF962C20306E1D00B3363A /* Base */ = {isa = PBXFileReference; lastKnownFileType = file.storyboard; name = Base; path = Base.lproj/LaunchScreen.storyboard; sourceTree = "<group>"; };
		D6BF962E20306E1D00B3363A /* Info.plist */ = {isa = PBXFileReference; lastKnownFileType = text.plist.xml; path = Info.plist; sourceTree = "<group>"; };
		D6BF963320306E1D00B3363A /* WesterosTests.xctest */ = {isa = PBXFileReference; explicitFileType = wrapper.cfbundle; includeInIndex = 0; path = WesterosTests.xctest; sourceTree = BUILT_PRODUCTS_DIR; };
		D6BF963920306E1D00B3363A /* Info.plist */ = {isa = PBXFileReference; lastKnownFileType = text.plist.xml; path = Info.plist; sourceTree = "<group>"; };
		D6BF9642203078A500B3363A /* HouseTests.swift */ = {isa = PBXFileReference; lastKnownFileType = sourcecode.swift; path = HouseTests.swift; sourceTree = "<group>"; };
		D6BF9644203079F100B3363A /* House.swift */ = {isa = PBXFileReference; lastKnownFileType = sourcecode.swift; path = House.swift; sourceTree = "<group>"; };
		D6BF96472030827A00B3363A /* PersonTests.swift */ = {isa = PBXFileReference; lastKnownFileType = sourcecode.swift; path = PersonTests.swift; sourceTree = "<group>"; };
		D6BF9649203082E500B3363A /* Person.swift */ = {isa = PBXFileReference; lastKnownFileType = sourcecode.swift; path = Person.swift; sourceTree = "<group>"; };
		D6E34EB12039B6F9007B460E /* HouseListViewController.swift */ = {isa = PBXFileReference; lastKnownFileType = sourcecode.swift; path = HouseListViewController.swift; sourceTree = "<group>"; };
		D6E34EB22039B6F9007B460E /* HouseListViewController.xib */ = {isa = PBXFileReference; lastKnownFileType = file.xib; path = HouseListViewController.xib; sourceTree = "<group>"; };
		D6E34EB5203B68C2007B460E /* MemberListViewController.swift */ = {isa = PBXFileReference; lastKnownFileType = sourcecode.swift; path = MemberListViewController.swift; sourceTree = "<group>"; };
		D6E34EB6203B68C2007B460E /* MemberListViewController.xib */ = {isa = PBXFileReference; lastKnownFileType = file.xib; path = MemberListViewController.xib; sourceTree = "<group>"; };
/* End PBXFileReference section */

/* Begin PBXFrameworksBuildPhase section */
		D6BF961C20306E1D00B3363A /* Frameworks */ = {
			isa = PBXFrameworksBuildPhase;
			buildActionMask = 2147483647;
			files = (
			);
			runOnlyForDeploymentPostprocessing = 0;
		};
		D6BF963020306E1D00B3363A /* Frameworks */ = {
			isa = PBXFrameworksBuildPhase;
			buildActionMask = 2147483647;
			files = (
			);
			runOnlyForDeploymentPostprocessing = 0;
		};
/* End PBXFrameworksBuildPhase section */

/* Begin PBXGroup section */
		D669879B2036172400F81BF3 /* UIKitExtensions */ = {
			isa = PBXGroup;
			children = (
				D669879C2036173C00F81BF3 /* UIViewController+Additions.swift */,
			);
			name = UIKitExtensions;
			path = "New Group";
			sourceTree = "<group>";
		};
		D698BB682032391600ECFEA3 /* Assets */ = {
			isa = PBXGroup;
			children = (
				D698BB63203238FC00ECFEA3 /* codeIsComing.png */,
				D698BB64203238FC00ECFEA3 /* lannister.jpg */,
				D698BB62203238FC00ECFEA3 /* targaryenSmall.jpg */,
			);
			path = Assets;
			sourceTree = "<group>";
		};
		D698BB6D20323AB300ECFEA3 /* Controllers */ = {
			isa = PBXGroup;
			children = (
				D698BB6920323A8B00ECFEA3 /* HouseDetailViewController.swift */,
				D698BB6A20323A8B00ECFEA3 /* HouseDetailViewController.xib */,
				D66987A020362B9000F81BF3 /* WikiViewController.swift */,
				D66987A120362B9000F81BF3 /* WikiViewController.xib */,
				D6E34EB12039B6F9007B460E /* HouseListViewController.swift */,
				D6E34EB22039B6F9007B460E /* HouseListViewController.xib */,
				D6E34EB5203B68C2007B460E /* MemberListViewController.swift */,
				D6E34EB6203B68C2007B460E /* MemberListViewController.xib */,
			);
			path = Controllers;
			sourceTree = "<group>";
		};
		D6BF961620306E1D00B3363A = {
			isa = PBXGroup;
			children = (
				D6BF962120306E1D00B3363A /* Westeros */,
				D6BF963620306E1D00B3363A /* WesterosTests */,
				D6BF962020306E1D00B3363A /* Products */,
			);
			sourceTree = "<group>";
		};
		D6BF962020306E1D00B3363A /* Products */ = {
			isa = PBXGroup;
			children = (
				D6BF961F20306E1D00B3363A /* Westeros.app */,
				D6BF963320306E1D00B3363A /* WesterosTests.xctest */,
			);
			name = Products;
			sourceTree = "<group>";
		};
		D6BF962120306E1D00B3363A /* Westeros */ = {
			isa = PBXGroup;
			children = (
				D669879B2036172400F81BF3 /* UIKitExtensions */,
				D698BB6D20323AB300ECFEA3 /* Controllers */,
				D6BF964620307DCC00B3363A /* Domain */,
				D698BB682032391600ECFEA3 /* Assets */,
				D6BF962220306E1D00B3363A /* AppDelegate.swift */,
				D6BF962920306E1D00B3363A /* Assets.xcassets */,
				D6BF962B20306E1D00B3363A /* LaunchScreen.storyboard */,
				D6BF962E20306E1D00B3363A /* Info.plist */,
			);
			path = Westeros;
			sourceTree = "<group>";
		};
		D6BF963620306E1D00B3363A /* WesterosTests */ = {
			isa = PBXGroup;
			children = (
				D6BF963920306E1D00B3363A /* Info.plist */,
				D669879E203617BF00F81BF3 /* RepositoryTests.swift */,
				D6BF9642203078A500B3363A /* HouseTests.swift */,
				D6BF96472030827A00B3363A /* PersonTests.swift */,
				D68836F320448CE6000C9D4E /* SeasonTests.swift */,
			);
			path = WesterosTests;
			sourceTree = "<group>";
		};
		D6BF964620307DCC00B3363A /* Domain */ = {
			isa = PBXGroup;
			children = (
				D66987962036149600F81BF3 /* Repository.swift */,
				D6BF9644203079F100B3363A /* House.swift */,
				D6BF9649203082E500B3363A /* Person.swift */,
				D68836F5204491D3000C9D4E /* Season.swift */,
				D68836F72044956E000C9D4E /* Episode.swift */,
			);
			path = Domain;
			sourceTree = "<group>";
		};
/* End PBXGroup section */

/* Begin PBXNativeTarget section */
		D6BF961E20306E1D00B3363A /* Westeros */ = {
			isa = PBXNativeTarget;
			buildConfigurationList = D6BF963C20306E1E00B3363A /* Build configuration list for PBXNativeTarget "Westeros" */;
			buildPhases = (
				D6BF961B20306E1D00B3363A /* Sources */,
				D6BF961C20306E1D00B3363A /* Frameworks */,
				D6BF961D20306E1D00B3363A /* Resources */,
			);
			buildRules = (
			);
			dependencies = (
			);
			name = Westeros;
			productName = Westeros;
			productReference = D6BF961F20306E1D00B3363A /* Westeros.app */;
			productType = "com.apple.product-type.application";
		};
		D6BF963220306E1D00B3363A /* WesterosTests */ = {
			isa = PBXNativeTarget;
			buildConfigurationList = D6BF963F20306E1E00B3363A /* Build configuration list for PBXNativeTarget "WesterosTests" */;
			buildPhases = (
				D6BF962F20306E1D00B3363A /* Sources */,
				D6BF963020306E1D00B3363A /* Frameworks */,
				D6BF963120306E1D00B3363A /* Resources */,
			);
			buildRules = (
			);
			dependencies = (
				D6BF963520306E1D00B3363A /* PBXTargetDependency */,
			);
			name = WesterosTests;
			productName = WesterosTests;
			productReference = D6BF963320306E1D00B3363A /* WesterosTests.xctest */;
			productType = "com.apple.product-type.bundle.unit-test";
		};
/* End PBXNativeTarget section */

/* Begin PBXProject section */
		D6BF961720306E1D00B3363A /* Project object */ = {
			isa = PBXProject;
			attributes = {
				LastSwiftUpdateCheck = 0920;
				LastUpgradeCheck = 0920;
				ORGANIZATIONNAME = Miguel;
				TargetAttributes = {
					D6BF961E20306E1D00B3363A = {
						CreatedOnToolsVersion = 9.2;
						ProvisioningStyle = Automatic;
					};
					D6BF963220306E1D00B3363A = {
						CreatedOnToolsVersion = 9.2;
						ProvisioningStyle = Automatic;
						TestTargetID = D6BF961E20306E1D00B3363A;
					};
				};
			};
			buildConfigurationList = D6BF961A20306E1D00B3363A /* Build configuration list for PBXProject "Westeros" */;
			compatibilityVersion = "Xcode 8.0";
			developmentRegion = en;
			hasScannedForEncodings = 0;
			knownRegions = (
				en,
				Base,
			);
			mainGroup = D6BF961620306E1D00B3363A;
			productRefGroup = D6BF962020306E1D00B3363A /* Products */;
			projectDirPath = "";
			projectRoot = "";
			targets = (
				D6BF961E20306E1D00B3363A /* Westeros */,
				D6BF963220306E1D00B3363A /* WesterosTests */,
			);
		};
/* End PBXProject section */

/* Begin PBXResourcesBuildPhase section */
		D6BF961D20306E1D00B3363A /* Resources */ = {
			isa = PBXResourcesBuildPhase;
			buildActionMask = 2147483647;
			files = (
				D6BF962D20306E1D00B3363A /* LaunchScreen.storyboard in Resources */,
				D66987A320362B9100F81BF3 /* WikiViewController.xib in Resources */,
				D698BB65203238FC00ECFEA3 /* targaryenSmall.jpg in Resources */,
				D6E34EB42039B6F9007B460E /* HouseListViewController.xib in Resources */,
				D6E34EB8203B68C2007B460E /* MemberListViewController.xib in Resources */,
				D698BB6C20323A8B00ECFEA3 /* HouseDetailViewController.xib in Resources */,
				D698BB67203238FC00ECFEA3 /* lannister.jpg in Resources */,
				D6BF962A20306E1D00B3363A /* Assets.xcassets in Resources */,
				D698BB66203238FC00ECFEA3 /* codeIsComing.png in Resources */,
			);
			runOnlyForDeploymentPostprocessing = 0;
		};
		D6BF963120306E1D00B3363A /* Resources */ = {
			isa = PBXResourcesBuildPhase;
			buildActionMask = 2147483647;
			files = (
			);
			runOnlyForDeploymentPostprocessing = 0;
		};
/* End PBXResourcesBuildPhase section */

/* Begin PBXSourcesBuildPhase section */
		D6BF961B20306E1D00B3363A /* Sources */ = {
			isa = PBXSourcesBuildPhase;
			buildActionMask = 2147483647;
			files = (
				D698BB6B20323A8B00ECFEA3 /* HouseDetailViewController.swift in Sources */,
				D6BF964A203082E500B3363A /* Person.swift in Sources */,
				D68836F6204491D3000C9D4E /* Season.swift in Sources */,
				D669879D2036173C00F81BF3 /* UIViewController+Additions.swift in Sources */,
				D66987972036149600F81BF3 /* Repository.swift in Sources */,
				D68836F82044956E000C9D4E /* Episode.swift in Sources */,
				D6BF9645203079F100B3363A /* House.swift in Sources */,
				D6BF962320306E1D00B3363A /* AppDelegate.swift in Sources */,
				D66987A220362B9000F81BF3 /* WikiViewController.swift in Sources */,
				D6E34EB32039B6F9007B460E /* HouseListViewController.swift in Sources */,
				D6E34EB7203B68C2007B460E /* MemberListViewController.swift in Sources */,
			);
			runOnlyForDeploymentPostprocessing = 0;
		};
		D6BF962F20306E1D00B3363A /* Sources */ = {
			isa = PBXSourcesBuildPhase;
			buildActionMask = 2147483647;
			files = (
				D68836F420448CE6000C9D4E /* SeasonTests.swift in Sources */,
				D6BF9643203078A500B3363A /* HouseTests.swift in Sources */,
				D6BF96482030827A00B3363A /* PersonTests.swift in Sources */,
				D669879F203617BF00F81BF3 /* RepositoryTests.swift in Sources */,
			);
			runOnlyForDeploymentPostprocessing = 0;
		};
/* End PBXSourcesBuildPhase section */

/* Begin PBXTargetDependency section */
		D6BF963520306E1D00B3363A /* PBXTargetDependency */ = {
			isa = PBXTargetDependency;
			target = D6BF961E20306E1D00B3363A /* Westeros */;
			targetProxy = D6BF963420306E1D00B3363A /* PBXContainerItemProxy */;
		};
/* End PBXTargetDependency section */

/* Begin PBXVariantGroup section */
		D6BF962B20306E1D00B3363A /* LaunchScreen.storyboard */ = {
			isa = PBXVariantGroup;
			children = (
				D6BF962C20306E1D00B3363A /* Base */,
			);
			name = LaunchScreen.storyboard;
			sourceTree = "<group>";
		};
/* End PBXVariantGroup section */

/* Begin XCBuildConfiguration section */
		D6BF963A20306E1D00B3363A /* Debug */ = {
			isa = XCBuildConfiguration;
			buildSettings = {
				ALWAYS_SEARCH_USER_PATHS = NO;
				CLANG_ANALYZER_NONNULL = YES;
				CLANG_ANALYZER_NUMBER_OBJECT_CONVERSION = YES_AGGRESSIVE;
				CLANG_CXX_LANGUAGE_STANDARD = "gnu++14";
				CLANG_CXX_LIBRARY = "libc++";
				CLANG_ENABLE_MODULES = YES;
				CLANG_ENABLE_OBJC_ARC = YES;
				CLANG_WARN_BLOCK_CAPTURE_AUTORELEASING = YES;
				CLANG_WARN_BOOL_CONVERSION = YES;
				CLANG_WARN_COMMA = YES;
				CLANG_WARN_CONSTANT_CONVERSION = YES;
				CLANG_WARN_DIRECT_OBJC_ISA_USAGE = YES_ERROR;
				CLANG_WARN_DOCUMENTATION_COMMENTS = YES;
				CLANG_WARN_EMPTY_BODY = YES;
				CLANG_WARN_ENUM_CONVERSION = YES;
				CLANG_WARN_INFINITE_RECURSION = YES;
				CLANG_WARN_INT_CONVERSION = YES;
				CLANG_WARN_NON_LITERAL_NULL_CONVERSION = YES;
				CLANG_WARN_OBJC_LITERAL_CONVERSION = YES;
				CLANG_WARN_OBJC_ROOT_CLASS = YES_ERROR;
				CLANG_WARN_RANGE_LOOP_ANALYSIS = YES;
				CLANG_WARN_STRICT_PROTOTYPES = YES;
				CLANG_WARN_SUSPICIOUS_MOVE = YES;
				CLANG_WARN_UNGUARDED_AVAILABILITY = YES_AGGRESSIVE;
				CLANG_WARN_UNREACHABLE_CODE = YES;
				CLANG_WARN__DUPLICATE_METHOD_MATCH = YES;
				CODE_SIGN_IDENTITY = "iPhone Developer";
				COPY_PHASE_STRIP = NO;
				DEBUG_INFORMATION_FORMAT = dwarf;
				ENABLE_STRICT_OBJC_MSGSEND = YES;
				ENABLE_TESTABILITY = YES;
				GCC_C_LANGUAGE_STANDARD = gnu11;
				GCC_DYNAMIC_NO_PIC = NO;
				GCC_NO_COMMON_BLOCKS = YES;
				GCC_OPTIMIZATION_LEVEL = 0;
				GCC_PREPROCESSOR_DEFINITIONS = (
					"DEBUG=1",
					"$(inherited)",
				);
				GCC_WARN_64_TO_32_BIT_CONVERSION = YES;
				GCC_WARN_ABOUT_RETURN_TYPE = YES_ERROR;
				GCC_WARN_UNDECLARED_SELECTOR = YES;
				GCC_WARN_UNINITIALIZED_AUTOS = YES_AGGRESSIVE;
				GCC_WARN_UNUSED_FUNCTION = YES;
				GCC_WARN_UNUSED_VARIABLE = YES;
				IPHONEOS_DEPLOYMENT_TARGET = 11.2;
				MTL_ENABLE_DEBUG_INFO = YES;
				ONLY_ACTIVE_ARCH = YES;
				SDKROOT = iphoneos;
				SWIFT_ACTIVE_COMPILATION_CONDITIONS = DEBUG;
				SWIFT_OPTIMIZATION_LEVEL = "-Onone";
			};
			name = Debug;
		};
		D6BF963B20306E1D00B3363A /* Release */ = {
			isa = XCBuildConfiguration;
			buildSettings = {
				ALWAYS_SEARCH_USER_PATHS = NO;
				CLANG_ANALYZER_NONNULL = YES;
				CLANG_ANALYZER_NUMBER_OBJECT_CONVERSION = YES_AGGRESSIVE;
				CLANG_CXX_LANGUAGE_STANDARD = "gnu++14";
				CLANG_CXX_LIBRARY = "libc++";
				CLANG_ENABLE_MODULES = YES;
				CLANG_ENABLE_OBJC_ARC = YES;
				CLANG_WARN_BLOCK_CAPTURE_AUTORELEASING = YES;
				CLANG_WARN_BOOL_CONVERSION = YES;
				CLANG_WARN_COMMA = YES;
				CLANG_WARN_CONSTANT_CONVERSION = YES;
				CLANG_WARN_DIRECT_OBJC_ISA_USAGE = YES_ERROR;
				CLANG_WARN_DOCUMENTATION_COMMENTS = YES;
				CLANG_WARN_EMPTY_BODY = YES;
				CLANG_WARN_ENUM_CONVERSION = YES;
				CLANG_WARN_INFINITE_RECURSION = YES;
				CLANG_WARN_INT_CONVERSION = YES;
				CLANG_WARN_NON_LITERAL_NULL_CONVERSION = YES;
				CLANG_WARN_OBJC_LITERAL_CONVERSION = YES;
				CLANG_WARN_OBJC_ROOT_CLASS = YES_ERROR;
				CLANG_WARN_RANGE_LOOP_ANALYSIS = YES;
				CLANG_WARN_STRICT_PROTOTYPES = YES;
				CLANG_WARN_SUSPICIOUS_MOVE = YES;
				CLANG_WARN_UNGUARDED_AVAILABILITY = YES_AGGRESSIVE;
				CLANG_WARN_UNREACHABLE_CODE = YES;
				CLANG_WARN__DUPLICATE_METHOD_MATCH = YES;
				CODE_SIGN_IDENTITY = "iPhone Developer";
				COPY_PHASE_STRIP = NO;
				DEBUG_INFORMATION_FORMAT = "dwarf-with-dsym";
				ENABLE_NS_ASSERTIONS = NO;
				ENABLE_STRICT_OBJC_MSGSEND = YES;
				GCC_C_LANGUAGE_STANDARD = gnu11;
				GCC_NO_COMMON_BLOCKS = YES;
				GCC_WARN_64_TO_32_BIT_CONVERSION = YES;
				GCC_WARN_ABOUT_RETURN_TYPE = YES_ERROR;
				GCC_WARN_UNDECLARED_SELECTOR = YES;
				GCC_WARN_UNINITIALIZED_AUTOS = YES_AGGRESSIVE;
				GCC_WARN_UNUSED_FUNCTION = YES;
				GCC_WARN_UNUSED_VARIABLE = YES;
				IPHONEOS_DEPLOYMENT_TARGET = 11.2;
				MTL_ENABLE_DEBUG_INFO = NO;
				SDKROOT = iphoneos;
				SWIFT_OPTIMIZATION_LEVEL = "-Owholemodule";
				VALIDATE_PRODUCT = YES;
			};
			name = Release;
		};
		D6BF963D20306E1E00B3363A /* Debug */ = {
			isa = XCBuildConfiguration;
			buildSettings = {
				ASSETCATALOG_COMPILER_APPICON_NAME = AppIcon;
				CODE_SIGN_STYLE = Automatic;
				DEVELOPMENT_TEAM = U4Z3J65Y5E;
				INFOPLIST_FILE = Westeros/Info.plist;
				LD_RUNPATH_SEARCH_PATHS = "$(inherited) @executable_path/Frameworks";
				PRODUCT_BUNDLE_IDENTIFIER = com.hostcreativos.Westeros;
				PRODUCT_NAME = "$(TARGET_NAME)";
				SWIFT_VERSION = 4.0;
				TARGETED_DEVICE_FAMILY = "1,2";
			};
			name = Debug;
		};
		D6BF963E20306E1E00B3363A /* Release */ = {
			isa = XCBuildConfiguration;
			buildSettings = {
				ASSETCATALOG_COMPILER_APPICON_NAME = AppIcon;
				CODE_SIGN_STYLE = Automatic;
				DEVELOPMENT_TEAM = U4Z3J65Y5E;
				INFOPLIST_FILE = Westeros/Info.plist;
				LD_RUNPATH_SEARCH_PATHS = "$(inherited) @executable_path/Frameworks";
				PRODUCT_BUNDLE_IDENTIFIER = com.hostcreativos.Westeros;
				PRODUCT_NAME = "$(TARGET_NAME)";
				SWIFT_VERSION = 4.0;
				TARGETED_DEVICE_FAMILY = "1,2";
			};
			name = Release;
		};
		D6BF964020306E1E00B3363A /* Debug */ = {
			isa = XCBuildConfiguration;
			buildSettings = {
				ALWAYS_EMBED_SWIFT_STANDARD_LIBRARIES = YES;
				BUNDLE_LOADER = "$(TEST_HOST)";
				CODE_SIGN_STYLE = Automatic;
				DEVELOPMENT_TEAM = U4Z3J65Y5E;
				INFOPLIST_FILE = WesterosTests/Info.plist;
				LD_RUNPATH_SEARCH_PATHS = "$(inherited) @executable_path/Frameworks @loader_path/Frameworks";
				PRODUCT_BUNDLE_IDENTIFIER = com.hostcreativos.WesterosTests;
				PRODUCT_NAME = "$(TARGET_NAME)";
				SWIFT_VERSION = 4.0;
				TARGETED_DEVICE_FAMILY = "1,2";
				TEST_HOST = "$(BUILT_PRODUCTS_DIR)/Westeros.app/Westeros";
			};
			name = Debug;
		};
		D6BF964120306E1E00B3363A /* Release */ = {
			isa = XCBuildConfiguration;
			buildSettings = {
				ALWAYS_EMBED_SWIFT_STANDARD_LIBRARIES = YES;
				BUNDLE_LOADER = "$(TEST_HOST)";
				CODE_SIGN_STYLE = Automatic;
				DEVELOPMENT_TEAM = U4Z3J65Y5E;
				INFOPLIST_FILE = WesterosTests/Info.plist;
				LD_RUNPATH_SEARCH_PATHS = "$(inherited) @executable_path/Frameworks @loader_path/Frameworks";
				PRODUCT_BUNDLE_IDENTIFIER = com.hostcreativos.WesterosTests;
				PRODUCT_NAME = "$(TARGET_NAME)";
				SWIFT_VERSION = 4.0;
				TARGETED_DEVICE_FAMILY = "1,2";
				TEST_HOST = "$(BUILT_PRODUCTS_DIR)/Westeros.app/Westeros";
			};
			name = Release;
		};
/* End XCBuildConfiguration section */

/* Begin XCConfigurationList section */
		D6BF961A20306E1D00B3363A /* Build configuration list for PBXProject "Westeros" */ = {
			isa = XCConfigurationList;
			buildConfigurations = (
				D6BF963A20306E1D00B3363A /* Debug */,
				D6BF963B20306E1D00B3363A /* Release */,
			);
			defaultConfigurationIsVisible = 0;
			defaultConfigurationName = Release;
		};
		D6BF963C20306E1E00B3363A /* Build configuration list for PBXNativeTarget "Westeros" */ = {
			isa = XCConfigurationList;
			buildConfigurations = (
				D6BF963D20306E1E00B3363A /* Debug */,
				D6BF963E20306E1E00B3363A /* Release */,
			);
			defaultConfigurationIsVisible = 0;
			defaultConfigurationName = Release;
		};
		D6BF963F20306E1E00B3363A /* Build configuration list for PBXNativeTarget "WesterosTests" */ = {
			isa = XCConfigurationList;
			buildConfigurations = (
				D6BF964020306E1E00B3363A /* Debug */,
				D6BF964120306E1E00B3363A /* Release */,
			);
			defaultConfigurationIsVisible = 0;
			defaultConfigurationName = Release;
		};
/* End XCConfigurationList section */
	};
	rootObject = D6BF961720306E1D00B3363A /* Project object */;
}
